{
  "name": "eft-loader",
  "version": "0.1.0",
  "lockfileVersion": 1,
  "requires": true,
  "dependencies": {
    "ef.js": {
      "version": "0.3.4-beta.4",
      "resolved": "https://registry.npmjs.org/ef.js/-/ef.js-0.3.4-beta.4.tgz",
      "integrity": "sha512-Lp+PB4Ixeo0ImoNGnjewl78DWW0ducpHkwnrmYn5Om2u6uSgkwG+L/YKpmpGqWV9m1e2QO5dBa7qIWC9yWogKA==",
      "requires": {
        "eft-parser": "0.5.10"
      }
    },
    "eft-parser": {
      "version": "0.5.10",
      "resolved": "https://registry.npmjs.org/eft-parser/-/eft-parser-0.5.10.tgz",
      "integrity": "sha512-GfWUj/GDZ6nQNEoRJA9X0qDsF+ROUva8HOxTbt+a7KTvujPDFbQdWHqh8DCEQ0BQyKkZ30SPrZBG+Tnm/ZfQ2g=="
    }
  }
}
